// !$*UTF8*$!
{
	archiveVersion = 1;
	classes = {
	};
	objectVersion = 50;
	objects = {

/* Begin PBXBuildFile section */
		3111448425AA96310005E717 /* Album_CoversApp.swift in Sources */ = {isa = PBXBuildFile; fileRef = 3111448325AA96310005E717 /* Album_CoversApp.swift */; };
		3111448825AA963C0005E717 /* Assets.xcassets in Resources */ = {isa = PBXBuildFile; fileRef = 3111448725AA963C0005E717 /* Assets.xcassets */; };
		3111448B25AA963D0005E717 /* Preview Assets.xcassets in Resources */ = {isa = PBXBuildFile; fileRef = 3111448A25AA963D0005E717 /* Preview Assets.xcassets */; };
		3111448D25AA963D0005E717 /* Persistence.swift in Sources */ = {isa = PBXBuildFile; fileRef = 3111448C25AA963D0005E717 /* Persistence.swift */; };
		3111449025AA963D0005E717 /* Album_Covers.xcdatamodeld in Sources */ = {isa = PBXBuildFile; fileRef = 3111448E25AA963D0005E717 /* Album_Covers.xcdatamodeld */; };
		3111449A25AA9C730005E717 /* LibraryView.swift in Sources */ = {isa = PBXBuildFile; fileRef = 3111449925AA9C730005E717 /* LibraryView.swift */; };
		3142EEC125B662800023F98D /* SetPlaylistInstructionsView.swift in Sources */ = {isa = PBXBuildFile; fileRef = 3142EEC025B662800023F98D /* SetPlaylistInstructionsView.swift */; };
		3142EECD25B764DA0023F98D /* InstructCardView.swift in Sources */ = {isa = PBXBuildFile; fileRef = 3142EECC25B764D90023F98D /* InstructCardView.swift */; };
		3142EED025B765440023F98D /* TextFieldAlertView.swift in Sources */ = {isa = PBXBuildFile; fileRef = 3142EECF25B765440023F98D /* TextFieldAlertView.swift */; };
		3142EED425B7655E0023F98D /* MyTextField.swift in Sources */ = {isa = PBXBuildFile; fileRef = 3142EED325B7655E0023F98D /* MyTextField.swift */; };
		3142EF0125B7CE020023F98D /* SpicyStack.swift in Sources */ = {isa = PBXBuildFile; fileRef = 3142EF0025B7CE020023F98D /* SpicyStack.swift */; };
		3173644925B52D2800C71665 /* CoverEditViewModel.swift in Sources */ = {isa = PBXBuildFile; fileRef = 3173644825B52D2800C71665 /* CoverEditViewModel.swift */; };
		31876D4125B5788600118A62 /* BackgroundBlurView.swift in Sources */ = {isa = PBXBuildFile; fileRef = 31876D4025B5788600118A62 /* BackgroundBlurView.swift */; };
		31876D4525B57E6C00118A62 /* CoverThumbnail.swift in Sources */ = {isa = PBXBuildFile; fileRef = 31876D4425B57E6C00118A62 /* CoverThumbnail.swift */; };
		31876D4925B58A9200118A62 /* CollectionCardView.swift in Sources */ = {isa = PBXBuildFile; fileRef = 31876D4825B58A9200118A62 /* CollectionCardView.swift */; };
		31876D4C25B58B0800118A62 /* FFButton.swift in Sources */ = {isa = PBXBuildFile; fileRef = 31876D4B25B58B0800118A62 /* FFButton.swift */; };
		31876D5125B59D3C00118A62 /* CarouselView.swift in Sources */ = {isa = PBXBuildFile; fileRef = 31876D5025B59D3C00118A62 /* CarouselView.swift */; };
		318AD57E25AC187000FEBD12 /* PresetCollectionsInfo.swift in Sources */ = {isa = PBXBuildFile; fileRef = 318AD57D25AC186F00FEBD12 /* PresetCollectionsInfo.swift */; };
		318AD58425AC3D4200FEBD12 /* CloudKit.framework in Frameworks */ = {isa = PBXBuildFile; fileRef = 318AD58325AC3D4200FEBD12 /* CloudKit.framework */; };
		318AD58A25ACEDEB00FEBD12 /* Extensions.swift in Sources */ = {isa = PBXBuildFile; fileRef = 318AD58925ACEDEA00FEBD12 /* Extensions.swift */; };
		318AD58D25AD0F7200FEBD12 /* CoverPreview.swift in Sources */ = {isa = PBXBuildFile; fileRef = 318AD58C25AD0F7200FEBD12 /* CoverPreview.swift */; };
		318AD59025AD122300FEBD12 /* ImageSaver.swift in Sources */ = {isa = PBXBuildFile; fileRef = 318AD58F25AD122300FEBD12 /* ImageSaver.swift */; };
		318AD59325AD125900FEBD12 /* Collection.swift in Sources */ = {isa = PBXBuildFile; fileRef = 318AD59225AD125900FEBD12 /* Collection.swift */; };
		318AD59625AD12C200FEBD12 /* PillButton.swift in Sources */ = {isa = PBXBuildFile; fileRef = 318AD59525AD12C200FEBD12 /* PillButton.swift */; };
		318AD59C25AD789E00FEBD12 /* FontPicker.swift in Sources */ = {isa = PBXBuildFile; fileRef = 318AD59B25AD789D00FEBD12 /* FontPicker.swift */; };
		318AD59F25AE397800FEBD12 /* TextToolsView.swift in Sources */ = {isa = PBXBuildFile; fileRef = 318AD59E25AE397600FEBD12 /* TextToolsView.swift */; };
		318AD5A225AE3C7100FEBD12 /* UIImageColors.swift in Sources */ = {isa = PBXBuildFile; fileRef = 318AD5A125AE3C7100FEBD12 /* UIImageColors.swift */; };
		318AD5A525AE87CF00FEBD12 /* LibraryStorage.swift in Sources */ = {isa = PBXBuildFile; fileRef = 318AD5A425AE87CE00FEBD12 /* LibraryStorage.swift */; };
		31EAA17925AADD3C009D2511 /* CollectionsView.swift in Sources */ = {isa = PBXBuildFile; fileRef = 31EAA17825AADD3B009D2511 /* CollectionsView.swift */; };
		31EAA17C25AAE6CE009D2511 /* CoverEditView.swift in Sources */ = {isa = PBXBuildFile; fileRef = 31EAA17B25AAE6CE009D2511 /* CoverEditView.swift */; };
		31EAA17F25AAFE69009D2511 /* CoverUtilities.swift in Sources */ = {isa = PBXBuildFile; fileRef = 31EAA17E25AAFE69009D2511 /* CoverUtilities.swift */; };
		31EAA18225AB4E6B009D2511 /* PresetSelectionView.swift in Sources */ = {isa = PBXBuildFile; fileRef = 31EAA18125AB4E6B009D2511 /* PresetSelectionView.swift */; };
/* End PBXBuildFile section */

/* Begin PBXFileReference section */
		3111448025AA96310005E717 /* Cover Buddy.app */ = {isa = PBXFileReference; explicitFileType = wrapper.application; includeInIndex = 0; path = "Cover Buddy.app"; sourceTree = BUILT_PRODUCTS_DIR; };
		3111448325AA96310005E717 /* Album_CoversApp.swift */ = {isa = PBXFileReference; lastKnownFileType = sourcecode.swift; path = Album_CoversApp.swift; sourceTree = "<group>"; };
		3111448725AA963C0005E717 /* Assets.xcassets */ = {isa = PBXFileReference; lastKnownFileType = folder.assetcatalog; path = Assets.xcassets; sourceTree = "<group>"; };
		3111448A25AA963D0005E717 /* Preview Assets.xcassets */ = {isa = PBXFileReference; lastKnownFileType = folder.assetcatalog; path = "Preview Assets.xcassets"; sourceTree = "<group>"; };
		3111448C25AA963D0005E717 /* Persistence.swift */ = {isa = PBXFileReference; lastKnownFileType = sourcecode.swift; path = Persistence.swift; sourceTree = "<group>"; };
		3111448F25AA963D0005E717 /* Album_Covers.xcdatamodel */ = {isa = PBXFileReference; lastKnownFileType = wrapper.xcdatamodel; path = Album_Covers.xcdatamodel; sourceTree = "<group>"; };
		3111449125AA963D0005E717 /* Info.plist */ = {isa = PBXFileReference; lastKnownFileType = text.plist.xml; path = Info.plist; sourceTree = "<group>"; };
		3111449925AA9C730005E717 /* LibraryView.swift */ = {isa = PBXFileReference; lastKnownFileType = sourcecode.swift; path = LibraryView.swift; sourceTree = "<group>"; };
		3142EEC025B662800023F98D /* SetPlaylistInstructionsView.swift */ = {isa = PBXFileReference; lastKnownFileType = sourcecode.swift; path = SetPlaylistInstructionsView.swift; sourceTree = "<group>"; };
		3142EECC25B764D90023F98D /* InstructCardView.swift */ = {isa = PBXFileReference; lastKnownFileType = sourcecode.swift; path = InstructCardView.swift; sourceTree = "<group>"; };
		3142EECF25B765440023F98D /* TextFieldAlertView.swift */ = {isa = PBXFileReference; lastKnownFileType = sourcecode.swift; path = TextFieldAlertView.swift; sourceTree = "<group>"; };
		3142EED325B7655E0023F98D /* MyTextField.swift */ = {isa = PBXFileReference; lastKnownFileType = sourcecode.swift; path = MyTextField.swift; sourceTree = "<group>"; };
		3142EF0025B7CE020023F98D /* SpicyStack.swift */ = {isa = PBXFileReference; lastKnownFileType = sourcecode.swift; path = SpicyStack.swift; sourceTree = "<group>"; };
		3173644825B52D2800C71665 /* CoverEditViewModel.swift */ = {isa = PBXFileReference; lastKnownFileType = sourcecode.swift; path = CoverEditViewModel.swift; sourceTree = "<group>"; };
		31876D4025B5788600118A62 /* BackgroundBlurView.swift */ = {isa = PBXFileReference; lastKnownFileType = sourcecode.swift; path = BackgroundBlurView.swift; sourceTree = "<group>"; };
		31876D4425B57E6C00118A62 /* CoverThumbnail.swift */ = {isa = PBXFileReference; lastKnownFileType = sourcecode.swift; path = CoverThumbnail.swift; sourceTree = "<group>"; };
		31876D4825B58A9200118A62 /* CollectionCardView.swift */ = {isa = PBXFileReference; lastKnownFileType = sourcecode.swift; path = CollectionCardView.swift; sourceTree = "<group>"; };
		31876D4B25B58B0800118A62 /* FFButton.swift */ = {isa = PBXFileReference; lastKnownFileType = sourcecode.swift; path = FFButton.swift; sourceTree = "<group>"; };
		31876D5025B59D3C00118A62 /* CarouselView.swift */ = {isa = PBXFileReference; lastKnownFileType = sourcecode.swift; path = CarouselView.swift; sourceTree = "<group>"; };
		318AD57D25AC186F00FEBD12 /* PresetCollectionsInfo.swift */ = {isa = PBXFileReference; lastKnownFileType = sourcecode.swift; path = PresetCollectionsInfo.swift; sourceTree = "<group>"; };
		318AD58025AC3D3300FEBD12 /* Album Covers.entitlements */ = {isa = PBXFileReference; lastKnownFileType = text.plist.entitlements; path = "Album Covers.entitlements"; sourceTree = "<group>"; };
		318AD58325AC3D4200FEBD12 /* CloudKit.framework */ = {isa = PBXFileReference; lastKnownFileType = wrapper.framework; name = CloudKit.framework; path = System/Library/Frameworks/CloudKit.framework; sourceTree = SDKROOT; };
		318AD58925ACEDEA00FEBD12 /* Extensions.swift */ = {isa = PBXFileReference; lastKnownFileType = sourcecode.swift; path = Extensions.swift; sourceTree = "<group>"; };
		318AD58C25AD0F7200FEBD12 /* CoverPreview.swift */ = {isa = PBXFileReference; lastKnownFileType = sourcecode.swift; path = CoverPreview.swift; sourceTree = "<group>"; };
		318AD58F25AD122300FEBD12 /* ImageSaver.swift */ = {isa = PBXFileReference; lastKnownFileType = sourcecode.swift; path = ImageSaver.swift; sourceTree = "<group>"; };
		318AD59225AD125900FEBD12 /* Collection.swift */ = {isa = PBXFileReference; lastKnownFileType = sourcecode.swift; path = Collection.swift; sourceTree = "<group>"; };
		318AD59525AD12C200FEBD12 /* PillButton.swift */ = {isa = PBXFileReference; lastKnownFileType = sourcecode.swift; path = PillButton.swift; sourceTree = "<group>"; };
		318AD59B25AD789D00FEBD12 /* FontPicker.swift */ = {isa = PBXFileReference; lastKnownFileType = sourcecode.swift; path = FontPicker.swift; sourceTree = "<group>"; };
		318AD59E25AE397600FEBD12 /* TextToolsView.swift */ = {isa = PBXFileReference; lastKnownFileType = sourcecode.swift; path = TextToolsView.swift; sourceTree = "<group>"; };
		318AD5A125AE3C7100FEBD12 /* UIImageColors.swift */ = {isa = PBXFileReference; lastKnownFileType = sourcecode.swift; path = UIImageColors.swift; sourceTree = "<group>"; };
		318AD5A425AE87CE00FEBD12 /* LibraryStorage.swift */ = {isa = PBXFileReference; lastKnownFileType = sourcecode.swift; path = LibraryStorage.swift; sourceTree = "<group>"; };
		31EAA17825AADD3B009D2511 /* CollectionsView.swift */ = {isa = PBXFileReference; lastKnownFileType = sourcecode.swift; path = CollectionsView.swift; sourceTree = "<group>"; };
		31EAA17B25AAE6CE009D2511 /* CoverEditView.swift */ = {isa = PBXFileReference; lastKnownFileType = sourcecode.swift; path = CoverEditView.swift; sourceTree = "<group>"; };
		31EAA17E25AAFE69009D2511 /* CoverUtilities.swift */ = {isa = PBXFileReference; lastKnownFileType = sourcecode.swift; path = CoverUtilities.swift; sourceTree = "<group>"; };
		31EAA18125AB4E6B009D2511 /* PresetSelectionView.swift */ = {isa = PBXFileReference; lastKnownFileType = sourcecode.swift; path = PresetSelectionView.swift; sourceTree = "<group>"; };
/* End PBXFileReference section */

/* Begin PBXFrameworksBuildPhase section */
		3111447D25AA96310005E717 /* Frameworks */ = {
			isa = PBXFrameworksBuildPhase;
			buildActionMask = 2147483647;
			files = (
				318AD58425AC3D4200FEBD12 /* CloudKit.framework in Frameworks */,
			);
			runOnlyForDeploymentPostprocessing = 0;
		};
/* End PBXFrameworksBuildPhase section */

/* Begin PBXGroup section */
		3111447725AA96310005E717 = {
			isa = PBXGroup;
			children = (
				3111448225AA96310005E717 /* Album Covers */,
				3111448125AA96310005E717 /* Products */,
				318AD58225AC3D4200FEBD12 /* Frameworks */,
			);
			sourceTree = "<group>";
		};
		3111448125AA96310005E717 /* Products */ = {
			isa = PBXGroup;
			children = (
				3111448025AA96310005E717 /* Cover Buddy.app */,
			);
			name = Products;
			sourceTree = "<group>";
		};
		3111448225AA96310005E717 /* Album Covers */ = {
			isa = PBXGroup;
			children = (
				318AD58025AC3D3300FEBD12 /* Album Covers.entitlements */,
				3111448325AA96310005E717 /* Album_CoversApp.swift */,
				3111448C25AA963D0005E717 /* Persistence.swift */,
				318AD58925ACEDEA00FEBD12 /* Extensions.swift */,
				3111449925AA9C730005E717 /* LibraryView.swift */,
				31876D4425B57E6C00118A62 /* CoverThumbnail.swift */,
				318AD5A425AE87CE00FEBD12 /* LibraryStorage.swift */,
				318AD58C25AD0F7200FEBD12 /* CoverPreview.swift */,
				31EAA17E25AAFE69009D2511 /* CoverUtilities.swift */,
				318AD59225AD125900FEBD12 /* Collection.swift */,
				318AD58F25AD122300FEBD12 /* ImageSaver.swift */,
				318AD57D25AC186F00FEBD12 /* PresetCollectionsInfo.swift */,
				31EAA17825AADD3B009D2511 /* CollectionsView.swift */,
				31876D4825B58A9200118A62 /* CollectionCardView.swift */,
				31876D4025B5788600118A62 /* BackgroundBlurView.swift */,
				31EAA18125AB4E6B009D2511 /* PresetSelectionView.swift */,
				3142EEC025B662800023F98D /* SetPlaylistInstructionsView.swift */,
				3142EECC25B764D90023F98D /* InstructCardView.swift */,
				31876D5025B59D3C00118A62 /* CarouselView.swift */,
				31EAA17B25AAE6CE009D2511 /* CoverEditView.swift */,
				3142EF0025B7CE020023F98D /* SpicyStack.swift */,
				3173644825B52D2800C71665 /* CoverEditViewModel.swift */,
				3142EED325B7655E0023F98D /* MyTextField.swift */,
				3142EECF25B765440023F98D /* TextFieldAlertView.swift */,
				318AD59E25AE397600FEBD12 /* TextToolsView.swift */,
				31876D4B25B58B0800118A62 /* FFButton.swift */,
				318AD59B25AD789D00FEBD12 /* FontPicker.swift */,
				318AD59525AD12C200FEBD12 /* PillButton.swift */,
				318AD5A125AE3C7100FEBD12 /* UIImageColors.swift */,
				3111448725AA963C0005E717 /* Assets.xcassets */,
				3111449125AA963D0005E717 /* Info.plist */,
				3111448E25AA963D0005E717 /* Album_Covers.xcdatamodeld */,
				3111448925AA963D0005E717 /* Preview Content */,
			);
			path = "Album Covers";
			sourceTree = "<group>";
		};
		3111448925AA963D0005E717 /* Preview Content */ = {
			isa = PBXGroup;
			children = (
				3111448A25AA963D0005E717 /* Preview Assets.xcassets */,
			);
			path = "Preview Content";
			sourceTree = "<group>";
		};
		318AD58225AC3D4200FEBD12 /* Frameworks */ = {
			isa = PBXGroup;
			children = (
				318AD58325AC3D4200FEBD12 /* CloudKit.framework */,
			);
			name = Frameworks;
			sourceTree = "<group>";
		};
/* End PBXGroup section */

/* Begin PBXNativeTarget section */
		3111447F25AA96310005E717 /* Cover Buddy */ = {
			isa = PBXNativeTarget;
			buildConfigurationList = 3111449425AA963D0005E717 /* Build configuration list for PBXNativeTarget "Cover Buddy" */;
			buildPhases = (
				3111447C25AA96310005E717 /* Sources */,
				3111447D25AA96310005E717 /* Frameworks */,
				3111447E25AA96310005E717 /* Resources */,
			);
			buildRules = (
			);
			dependencies = (
			);
			name = "Cover Buddy";
			productName = "Album Covers";
			productReference = 3111448025AA96310005E717 /* Cover Buddy.app */;
			productType = "com.apple.product-type.application";
		};
/* End PBXNativeTarget section */

/* Begin PBXProject section */
		3111447825AA96310005E717 /* Project object */ = {
			isa = PBXProject;
			attributes = {
				LastSwiftUpdateCheck = 1230;
				LastUpgradeCheck = 1230;
				TargetAttributes = {
					3111447F25AA96310005E717 = {
						CreatedOnToolsVersion = 12.3;
					};
				};
			};
			buildConfigurationList = 3111447B25AA96310005E717 /* Build configuration list for PBXProject "Album Covers" */;
			compatibilityVersion = "Xcode 9.3";
			developmentRegion = en;
			hasScannedForEncodings = 0;
			knownRegions = (
				en,
				Base,
			);
			mainGroup = 3111447725AA96310005E717;
			productRefGroup = 3111448125AA96310005E717 /* Products */;
			projectDirPath = "";
			projectRoot = "";
			targets = (
				3111447F25AA96310005E717 /* Cover Buddy */,
			);
		};
/* End PBXProject section */

/* Begin PBXResourcesBuildPhase section */
		3111447E25AA96310005E717 /* Resources */ = {
			isa = PBXResourcesBuildPhase;
			buildActionMask = 2147483647;
			files = (
				3111448B25AA963D0005E717 /* Preview Assets.xcassets in Resources */,
				3111448825AA963C0005E717 /* Assets.xcassets in Resources */,
			);
			runOnlyForDeploymentPostprocessing = 0;
		};
/* End PBXResourcesBuildPhase section */

/* Begin PBXSourcesBuildPhase section */
		3111447C25AA96310005E717 /* Sources */ = {
			isa = PBXSourcesBuildPhase;
			buildActionMask = 2147483647;
			files = (
				3173644925B52D2800C71665 /* CoverEditViewModel.swift in Sources */,
				318AD59625AD12C200FEBD12 /* PillButton.swift in Sources */,
				318AD57E25AC187000FEBD12 /* PresetCollectionsInfo.swift in Sources */,
				3111448D25AA963D0005E717 /* Persistence.swift in Sources */,
				318AD58D25AD0F7200FEBD12 /* CoverPreview.swift in Sources */,
				3142EF0125B7CE020023F98D /* SpicyStack.swift in Sources */,
				318AD59C25AD789E00FEBD12 /* FontPicker.swift in Sources */,
				31876D4525B57E6C00118A62 /* CoverThumbnail.swift in Sources */,
				31876D4925B58A9200118A62 /* CollectionCardView.swift in Sources */,
				31876D4125B5788600118A62 /* BackgroundBlurView.swift in Sources */,
				3142EED025B765440023F98D /* TextFieldAlertView.swift in Sources */,
				318AD5A225AE3C7100FEBD12 /* UIImageColors.swift in Sources */,
				31EAA17925AADD3C009D2511 /* CollectionsView.swift in Sources */,
				318AD59325AD125900FEBD12 /* Collection.swift in Sources */,
				3142EECD25B764DA0023F98D /* InstructCardView.swift in Sources */,
				318AD5A525AE87CF00FEBD12 /* LibraryStorage.swift in Sources */,
				3142EED425B7655E0023F98D /* MyTextField.swift in Sources */,
				31EAA18225AB4E6B009D2511 /* PresetSelectionView.swift in Sources */,
				31EAA17C25AAE6CE009D2511 /* CoverEditView.swift in Sources */,
				3111448425AA96310005E717 /* Album_CoversApp.swift in Sources */,
				3142EEC125B662800023F98D /* SetPlaylistInstructionsView.swift in Sources */,
				318AD59F25AE397800FEBD12 /* TextToolsView.swift in Sources */,
				31EAA17F25AAFE69009D2511 /* CoverUtilities.swift in Sources */,
				3111449A25AA9C730005E717 /* LibraryView.swift in Sources */,
				318AD59025AD122300FEBD12 /* ImageSaver.swift in Sources */,
				31876D4C25B58B0800118A62 /* FFButton.swift in Sources */,
				318AD58A25ACEDEB00FEBD12 /* Extensions.swift in Sources */,
				31876D5125B59D3C00118A62 /* CarouselView.swift in Sources */,
				3111449025AA963D0005E717 /* Album_Covers.xcdatamodeld in Sources */,
			);
			runOnlyForDeploymentPostprocessing = 0;
		};
/* End PBXSourcesBuildPhase section */

/* Begin XCBuildConfiguration section */
		3111449225AA963D0005E717 /* Debug */ = {
			isa = XCBuildConfiguration;
			buildSettings = {
				ALWAYS_SEARCH_USER_PATHS = NO;
				CLANG_ANALYZER_NONNULL = YES;
				CLANG_ANALYZER_NUMBER_OBJECT_CONVERSION = YES_AGGRESSIVE;
				CLANG_CXX_LANGUAGE_STANDARD = "gnu++14";
				CLANG_CXX_LIBRARY = "libc++";
				CLANG_ENABLE_MODULES = YES;
				CLANG_ENABLE_OBJC_ARC = YES;
				CLANG_ENABLE_OBJC_WEAK = YES;
				CLANG_WARN_BLOCK_CAPTURE_AUTORELEASING = YES;
				CLANG_WARN_BOOL_CONVERSION = YES;
				CLANG_WARN_COMMA = YES;
				CLANG_WARN_CONSTANT_CONVERSION = YES;
				CLANG_WARN_DEPRECATED_OBJC_IMPLEMENTATIONS = YES;
				CLANG_WARN_DIRECT_OBJC_ISA_USAGE = YES_ERROR;
				CLANG_WARN_DOCUMENTATION_COMMENTS = YES;
				CLANG_WARN_EMPTY_BODY = YES;
				CLANG_WARN_ENUM_CONVERSION = YES;
				CLANG_WARN_INFINITE_RECURSION = YES;
				CLANG_WARN_INT_CONVERSION = YES;
				CLANG_WARN_NON_LITERAL_NULL_CONVERSION = YES;
				CLANG_WARN_OBJC_IMPLICIT_RETAIN_SELF = YES;
				CLANG_WARN_OBJC_LITERAL_CONVERSION = YES;
				CLANG_WARN_OBJC_ROOT_CLASS = YES_ERROR;
				CLANG_WARN_QUOTED_INCLUDE_IN_FRAMEWORK_HEADER = YES;
				CLANG_WARN_RANGE_LOOP_ANALYSIS = YES;
				CLANG_WARN_STRICT_PROTOTYPES = YES;
				CLANG_WARN_SUSPICIOUS_MOVE = YES;
				CLANG_WARN_UNGUARDED_AVAILABILITY = YES_AGGRESSIVE;
				CLANG_WARN_UNREACHABLE_CODE = YES;
				CLANG_WARN__DUPLICATE_METHOD_MATCH = YES;
				COPY_PHASE_STRIP = NO;
				DEBUG_INFORMATION_FORMAT = dwarf;
				ENABLE_STRICT_OBJC_MSGSEND = YES;
				ENABLE_TESTABILITY = YES;
				GCC_C_LANGUAGE_STANDARD = gnu11;
				GCC_DYNAMIC_NO_PIC = NO;
				GCC_NO_COMMON_BLOCKS = YES;
				GCC_OPTIMIZATION_LEVEL = 0;
				GCC_PREPROCESSOR_DEFINITIONS = (
					"DEBUG=1",
					"$(inherited)",
				);
				GCC_WARN_64_TO_32_BIT_CONVERSION = YES;
				GCC_WARN_ABOUT_RETURN_TYPE = YES_ERROR;
				GCC_WARN_UNDECLARED_SELECTOR = YES;
				GCC_WARN_UNINITIALIZED_AUTOS = YES_AGGRESSIVE;
				GCC_WARN_UNUSED_FUNCTION = YES;
				GCC_WARN_UNUSED_VARIABLE = YES;
				IPHONEOS_DEPLOYMENT_TARGET = 14.3;
				MTL_ENABLE_DEBUG_INFO = INCLUDE_SOURCE;
				MTL_FAST_MATH = YES;
				ONLY_ACTIVE_ARCH = YES;
				SDKROOT = iphoneos;
				SWIFT_ACTIVE_COMPILATION_CONDITIONS = DEBUG;
				SWIFT_OPTIMIZATION_LEVEL = "-Onone";
			};
			name = Debug;
		};
		3111449325AA963D0005E717 /* Release */ = {
			isa = XCBuildConfiguration;
			buildSettings = {
				ALWAYS_SEARCH_USER_PATHS = NO;
				CLANG_ANALYZER_NONNULL = YES;
				CLANG_ANALYZER_NUMBER_OBJECT_CONVERSION = YES_AGGRESSIVE;
				CLANG_CXX_LANGUAGE_STANDARD = "gnu++14";
				CLANG_CXX_LIBRARY = "libc++";
				CLANG_ENABLE_MODULES = YES;
				CLANG_ENABLE_OBJC_ARC = YES;
				CLANG_ENABLE_OBJC_WEAK = YES;
				CLANG_WARN_BLOCK_CAPTURE_AUTORELEASING = YES;
				CLANG_WARN_BOOL_CONVERSION = YES;
				CLANG_WARN_COMMA = YES;
				CLANG_WARN_CONSTANT_CONVERSION = YES;
				CLANG_WARN_DEPRECATED_OBJC_IMPLEMENTATIONS = YES;
				CLANG_WARN_DIRECT_OBJC_ISA_USAGE = YES_ERROR;
				CLANG_WARN_DOCUMENTATION_COMMENTS = YES;
				CLANG_WARN_EMPTY_BODY = YES;
				CLANG_WARN_ENUM_CONVERSION = YES;
				CLANG_WARN_INFINITE_RECURSION = YES;
				CLANG_WARN_INT_CONVERSION = YES;
				CLANG_WARN_NON_LITERAL_NULL_CONVERSION = YES;
				CLANG_WARN_OBJC_IMPLICIT_RETAIN_SELF = YES;
				CLANG_WARN_OBJC_LITERAL_CONVERSION = YES;
				CLANG_WARN_OBJC_ROOT_CLASS = YES_ERROR;
				CLANG_WARN_QUOTED_INCLUDE_IN_FRAMEWORK_HEADER = YES;
				CLANG_WARN_RANGE_LOOP_ANALYSIS = YES;
				CLANG_WARN_STRICT_PROTOTYPES = YES;
				CLANG_WARN_SUSPICIOUS_MOVE = YES;
				CLANG_WARN_UNGUARDED_AVAILABILITY = YES_AGGRESSIVE;
				CLANG_WARN_UNREACHABLE_CODE = YES;
				CLANG_WARN__DUPLICATE_METHOD_MATCH = YES;
				COPY_PHASE_STRIP = NO;
				DEBUG_INFORMATION_FORMAT = "dwarf-with-dsym";
				ENABLE_NS_ASSERTIONS = NO;
				ENABLE_STRICT_OBJC_MSGSEND = YES;
				GCC_C_LANGUAGE_STANDARD = gnu11;
				GCC_NO_COMMON_BLOCKS = YES;
				GCC_WARN_64_TO_32_BIT_CONVERSION = YES;
				GCC_WARN_ABOUT_RETURN_TYPE = YES_ERROR;
				GCC_WARN_UNDECLARED_SELECTOR = YES;
				GCC_WARN_UNINITIALIZED_AUTOS = YES_AGGRESSIVE;
				GCC_WARN_UNUSED_FUNCTION = YES;
				GCC_WARN_UNUSED_VARIABLE = YES;
				IPHONEOS_DEPLOYMENT_TARGET = 14.3;
				MTL_ENABLE_DEBUG_INFO = NO;
				MTL_FAST_MATH = YES;
				SDKROOT = iphoneos;
				SWIFT_COMPILATION_MODE = wholemodule;
				SWIFT_OPTIMIZATION_LEVEL = "-O";
				VALIDATE_PRODUCT = YES;
			};
			name = Release;
		};
		3111449525AA963D0005E717 /* Debug */ = {
			isa = XCBuildConfiguration;
			buildSettings = {
				ASSETCATALOG_COMPILER_APPICON_NAME = AppIcon;
				ASSETCATALOG_COMPILER_GLOBAL_ACCENT_COLOR_NAME = AccentColor;
				CODE_SIGN_ENTITLEMENTS = "Album Covers/Album Covers.entitlements";
				CODE_SIGN_STYLE = Automatic;
				CURRENT_PROJECT_VERSION = 4;
				DEVELOPMENT_ASSET_PATHS = "\"Album Covers/Preview Content\"";
				DEVELOPMENT_TEAM = 689VW8C66T;
				ENABLE_PREVIEWS = YES;
				INFOPLIST_FILE = "Album Covers/Info.plist";
				IPHONEOS_DEPLOYMENT_TARGET = 14.0;
				LD_RUNPATH_SEARCH_PATHS = (
					"$(inherited)",
					"@executable_path/Frameworks",
				);
				PRODUCT_BUNDLE_IDENTIFIER = "net.tarrouye.Playlist-Covers";
				PRODUCT_NAME = "$(TARGET_NAME)";
				SWIFT_VERSION = 5.0;
				TARGETED_DEVICE_FAMILY = "1,2";
			};
			name = Debug;
		};
		3111449625AA963D0005E717 /* Release */ = {
			isa = XCBuildConfiguration;
			buildSettings = {
				ASSETCATALOG_COMPILER_APPICON_NAME = AppIcon;
				ASSETCATALOG_COMPILER_GLOBAL_ACCENT_COLOR_NAME = AccentColor;
				CODE_SIGN_ENTITLEMENTS = "Album Covers/Album Covers.entitlements";
				CODE_SIGN_STYLE = Automatic;
				CURRENT_PROJECT_VERSION = 4;
				DEVELOPMENT_ASSET_PATHS = "\"Album Covers/Preview Content\"";
				DEVELOPMENT_TEAM = 689VW8C66T;
				ENABLE_PREVIEWS = YES;
				INFOPLIST_FILE = "Album Covers/Info.plist";
				IPHONEOS_DEPLOYMENT_TARGET = 14.0;
				LD_RUNPATH_SEARCH_PATHS = (
					"$(inherited)",
					"@executable_path/Frameworks",
				);
				PRODUCT_BUNDLE_IDENTIFIER = "net.tarrouye.Playlist-Covers";
				PRODUCT_NAME = "$(TARGET_NAME)";
				SWIFT_VERSION = 5.0;
				TARGETED_DEVICE_FAMILY = "1,2";
			};
			name = Release;
		};
/* End XCBuildConfiguration section */

/* Begin XCConfigurationList section */
		3111447B25AA96310005E717 /* Build configuration list for PBXProject "Album Covers" */ = {
			isa = XCConfigurationList;
			buildConfigurations = (
				3111449225AA963D0005E717 /* Debug */,
				3111449325AA963D0005E717 /* Release */,
			);
			defaultConfigurationIsVisible = 0;
			defaultConfigurationName = Release;
		};
		3111449425AA963D0005E717 /* Build configuration list for PBXNativeTarget "Cover Buddy" */ = {
			isa = XCConfigurationList;
			buildConfigurations = (
				3111449525AA963D0005E717 /* Debug */,
				3111449625AA963D0005E717 /* Release */,
			);
			defaultConfigurationIsVisible = 0;
			defaultConfigurationName = Release;
		};
/* End XCConfigurationList section */

/* Begin XCVersionGroup section */
		3111448E25AA963D0005E717 /* Album_Covers.xcdatamodeld */ = {
			isa = XCVersionGroup;
			children = (
				3111448F25AA963D0005E717 /* Album_Covers.xcdatamodel */,
			);
			currentVersion = 3111448F25AA963D0005E717 /* Album_Covers.xcdatamodel */;
			path = Album_Covers.xcdatamodeld;
			sourceTree = "<group>";
			versionGroupType = wrapper.xcdatamodel;
		};
/* End XCVersionGroup section */
	};
	rootObject = 3111447825AA96310005E717 /* Project object */;
}
